github.com/iamissahar/Fmtogram v0.0.0-20250401134415-71682c33b6e1 h1:AKdTbRoJvaNVhCdd2/J6d3LP4Iy+GidvaqB743L0NLo=
github.com/iamissahar/Fmtogram v0.0.0-20250401134415-71682c33b6e1/go.mod h1:svicLwvBhR4939eQvleGX8pBi/d5aYvDsojo6HzzVPA=
github.com/iamissahar/Fmtogram v0.0.0-20250401211934-8362c2da911c h1:4FMHGI3M0vFrtGQA438HtRZ4P+BNMKug0mxjhuR+cwI=
github.com/iamissahar/Fmtogram v0.0.0-20250401211934-8362c2da911c/go.mod h1:svicLwvBhR4939eQvleGX8pBi/d5aYvDsojo6HzzVPA=
github.com/iamissahar/Fmtogram v0.0.0-20250401220549-ddcd4e7a8e33 h1:BkdkxcTqe0saAoMiV5hDQq+cZ8dgPzZ8npjkc+SoPUE=
github.com/iamissahar/Fmtogram v0.0.0-20250401220549-ddcd4e7a8e33/go.mod h1:svicLwvBhR4939eQvleGX8pBi/d5aYvDsojo6HzzVPA=
github.com/lib/pq v1.10.9 h1:YXG7RB+JIjhP29X+OtkiDnYaXQwpS4JEWq7dtCCRUEw=
github.com/lib/pq v1.10.9/go.mod h1:AlVN5x4E4T544tWzH6hKfbfQvm3HdbOxrmggDNAPY9o=
